// !$*UTF8*$!
{
	archiveVersion = 1;
	classes = {
	};
	objectVersion = 46;
	objects = {

/* Begin PBXBuildFile section */
		21CF532872875517DDBEEBC1 /* libPods-Scribbly.a in Frameworks */ = {isa = PBXBuildFile; fileRef = 658BC2320C3A2978F0D90EA7 /* libPods-Scribbly.a */; };
		8400C0C31BA66722004B779D /* ControlPanelView.m in Sources */ = {isa = PBXBuildFile; fileRef = 8400C0C21BA66722004B779D /* ControlPanelView.m */; };
		8400C0C51BA6673E004B779D /* ControlPanelView.xib in Resources */ = {isa = PBXBuildFile; fileRef = 8400C0C41BA6673E004B779D /* ControlPanelView.xib */; };
		84EAAFB81B75483400D7E59C /* main.m in Sources */ = {isa = PBXBuildFile; fileRef = 84EAAFB71B75483400D7E59C /* main.m */; };
		84EAAFBB1B75483400D7E59C /* AppDelegate.m in Sources */ = {isa = PBXBuildFile; fileRef = 84EAAFBA1B75483400D7E59C /* AppDelegate.m */; };
		84EAAFBE1B75483400D7E59C /* Scribbly.xcdatamodeld in Sources */ = {isa = PBXBuildFile; fileRef = 84EAAFBC1B75483400D7E59C /* Scribbly.xcdatamodeld */; };
		84EAAFC61B75483400D7E59C /* Images.xcassets in Resources */ = {isa = PBXBuildFile; fileRef = 84EAAFC51B75483400D7E59C /* Images.xcassets */; };
		84EAAFD51B75483400D7E59C /* ScribblyTests.m in Sources */ = {isa = PBXBuildFile; fileRef = 84EAAFD41B75483400D7E59C /* ScribblyTests.m */; };
		84EAAFE01B7548AC00D7E59C /* DrawViewController.m in Sources */ = {isa = PBXBuildFile; fileRef = 84EAAFDF1B7548AC00D7E59C /* DrawViewController.m */; };
		84EAAFE31B75497900D7E59C /* BezierPathView.m in Sources */ = {isa = PBXBuildFile; fileRef = 84EAAFE21B75497900D7E59C /* BezierPathView.m */; };
		84EAB01E1B798F9700D7E59C /* DrawViewController.xib in Resources */ = {isa = PBXBuildFile; fileRef = 84EAB01D1B798F9700D7E59C /* DrawViewController.xib */; };
/* End PBXBuildFile section */

/* Begin PBXContainerItemProxy section */
		84EAAFCF1B75483400D7E59C /* PBXContainerItemProxy */ = {
			isa = PBXContainerItemProxy;
			containerPortal = 84EAAFAA1B75483400D7E59C /* Project object */;
			proxyType = 1;
			remoteGlobalIDString = 84EAAFB11B75483400D7E59C;
			remoteInfo = Scribbly;
		};
/* End PBXContainerItemProxy section */

/* Begin PBXFileReference section */
		3FB5612D723ADC4EC8866223 /* Pods-Scribbly.debug.xcconfig */ = {isa = PBXFileReference; includeInIndex = 1; lastKnownFileType = text.xcconfig; name = "Pods-Scribbly.debug.xcconfig"; path = "Pods/Target Support Files/Pods-Scribbly/Pods-Scribbly.debug.xcconfig"; sourceTree = "<group>"; };
		50126132B27B8D7C8F023025 /* Pods-Scribbly.release.xcconfig */ = {isa = PBXFileReference; includeInIndex = 1; lastKnownFileType = text.xcconfig; name = "Pods-Scribbly.release.xcconfig"; path = "Pods/Target Support Files/Pods-Scribbly/Pods-Scribbly.release.xcconfig"; sourceTree = "<group>"; };
		658BC2320C3A2978F0D90EA7 /* libPods-Scribbly.a */ = {isa = PBXFileReference; explicitFileType = archive.ar; includeInIndex = 0; path = "libPods-Scribbly.a"; sourceTree = BUILT_PRODUCTS_DIR; };
		8400C0C11BA66722004B779D /* ControlPanelView.h */ = {isa = PBXFileReference; fileEncoding = 4; lastKnownFileType = sourcecode.c.h; path = ControlPanelView.h; sourceTree = "<group>"; };
		8400C0C21BA66722004B779D /* ControlPanelView.m */ = {isa = PBXFileReference; fileEncoding = 4; lastKnownFileType = sourcecode.c.objc; path = ControlPanelView.m; sourceTree = "<group>"; };
		8400C0C41BA6673E004B779D /* ControlPanelView.xib */ = {isa = PBXFileReference; fileEncoding = 4; lastKnownFileType = file.xib; path = ControlPanelView.xib; sourceTree = "<group>"; };
		84EAAFB21B75483400D7E59C /* Scribbly.app */ = {isa = PBXFileReference; explicitFileType = wrapper.application; includeInIndex = 0; path = Scribbly.app; sourceTree = BUILT_PRODUCTS_DIR; };
		84EAAFB61B75483400D7E59C /* Info.plist */ = {isa = PBXFileReference; lastKnownFileType = text.plist.xml; path = Info.plist; sourceTree = "<group>"; };
		84EAAFB71B75483400D7E59C /* main.m */ = {isa = PBXFileReference; lastKnownFileType = sourcecode.c.objc; path = main.m; sourceTree = "<group>"; };
		84EAAFB91B75483400D7E59C /* AppDelegate.h */ = {isa = PBXFileReference; lastKnownFileType = sourcecode.c.h; path = AppDelegate.h; sourceTree = "<group>"; };
		84EAAFBA1B75483400D7E59C /* AppDelegate.m */ = {isa = PBXFileReference; lastKnownFileType = sourcecode.c.objc; path = AppDelegate.m; sourceTree = "<group>"; };
		84EAAFBD1B75483400D7E59C /* Scribbly.xcdatamodel */ = {isa = PBXFileReference; lastKnownFileType = wrapper.xcdatamodel; path = Scribbly.xcdatamodel; sourceTree = "<group>"; };
		84EAAFC51B75483400D7E59C /* Images.xcassets */ = {isa = PBXFileReference; lastKnownFileType = folder.assetcatalog; path = Images.xcassets; sourceTree = "<group>"; };
		84EAAFCE1B75483400D7E59C /* ScribblyTests.xctest */ = {isa = PBXFileReference; explicitFileType = wrapper.cfbundle; includeInIndex = 0; path = ScribblyTests.xctest; sourceTree = BUILT_PRODUCTS_DIR; };
		84EAAFD31B75483400D7E59C /* Info.plist */ = {isa = PBXFileReference; lastKnownFileType = text.plist.xml; path = Info.plist; sourceTree = "<group>"; };
		84EAAFD41B75483400D7E59C /* ScribblyTests.m */ = {isa = PBXFileReference; lastKnownFileType = sourcecode.c.objc; path = ScribblyTests.m; sourceTree = "<group>"; };
		84EAAFDE1B7548AC00D7E59C /* DrawViewController.h */ = {isa = PBXFileReference; fileEncoding = 4; lastKnownFileType = sourcecode.c.h; path = DrawViewController.h; sourceTree = "<group>"; };
		84EAAFDF1B7548AC00D7E59C /* DrawViewController.m */ = {isa = PBXFileReference; fileEncoding = 4; lastKnownFileType = sourcecode.c.objc; path = DrawViewController.m; sourceTree = "<group>"; };
		84EAAFE11B75497900D7E59C /* BezierPathView.h */ = {isa = PBXFileReference; fileEncoding = 4; lastKnownFileType = sourcecode.c.h; path = BezierPathView.h; sourceTree = "<group>"; };
		84EAAFE21B75497900D7E59C /* BezierPathView.m */ = {isa = PBXFileReference; fileEncoding = 4; lastKnownFileType = sourcecode.c.objc; path = BezierPathView.m; sourceTree = "<group>"; };
		84EAB01D1B798F9700D7E59C /* DrawViewController.xib */ = {isa = PBXFileReference; fileEncoding = 4; lastKnownFileType = file.xib; path = DrawViewController.xib; sourceTree = "<group>"; };
/* End PBXFileReference section */

/* Begin PBXFrameworksBuildPhase section */
		84EAAFAF1B75483400D7E59C /* Frameworks */ = {
			isa = PBXFrameworksBuildPhase;
			buildActionMask = 2147483647;
			files = (
				21CF532872875517DDBEEBC1 /* libPods-Scribbly.a in Frameworks */,
			);
			runOnlyForDeploymentPostprocessing = 0;
		};
		84EAAFCB1B75483400D7E59C /* Frameworks */ = {
			isa = PBXFrameworksBuildPhase;
			buildActionMask = 2147483647;
			files = (
			);
			runOnlyForDeploymentPostprocessing = 0;
		};
/* End PBXFrameworksBuildPhase section */

/* Begin PBXGroup section */
		60C001EA5D280865FAB239D4 /* Pods */ = {
			isa = PBXGroup;
			children = (
				3FB5612D723ADC4EC8866223 /* Pods-Scribbly.debug.xcconfig */,
				50126132B27B8D7C8F023025 /* Pods-Scribbly.release.xcconfig */,
			);
			name = Pods;
			sourceTree = "<group>";
		};
		84EAAFA91B75483400D7E59C = {
			isa = PBXGroup;
			children = (
				84EAAFB41B75483400D7E59C /* Scribbly */,
				84EAAFD11B75483400D7E59C /* ScribblyTests */,
				84EAAFB31B75483400D7E59C /* Products */,
				60C001EA5D280865FAB239D4 /* Pods */,
				86DEE9ACF3C97EC8FA59CF59 /* Frameworks */,
			);
			sourceTree = "<group>";
		};
		84EAAFB31B75483400D7E59C /* Products */ = {
			isa = PBXGroup;
			children = (
				84EAAFB21B75483400D7E59C /* Scribbly.app */,
				84EAAFCE1B75483400D7E59C /* ScribblyTests.xctest */,
			);
			name = Products;
			sourceTree = "<group>";
		};
		84EAAFB41B75483400D7E59C /* Scribbly */ = {
			isa = PBXGroup;
			children = (
				84EAB0191B75E0B300D7E59C /* CustomViews */,
				84EAAFE11B75497900D7E59C /* BezierPathView.h */,
				84EAAFE21B75497900D7E59C /* BezierPathView.m */,
				84EAAFB91B75483400D7E59C /* AppDelegate.h */,
				84EAAFBA1B75483400D7E59C /* AppDelegate.m */,
				84EAAFC51B75483400D7E59C /* Images.xcassets */,
				84EAAFBC1B75483400D7E59C /* Scribbly.xcdatamodeld */,
				84EAAFB51B75483400D7E59C /* Supporting Files */,
				84EAAFDE1B7548AC00D7E59C /* DrawViewController.h */,
				84EAAFDF1B7548AC00D7E59C /* DrawViewController.m */,
				84EAB01D1B798F9700D7E59C /* DrawViewController.xib */,
			);
			path = Scribbly;
			sourceTree = "<group>";
		};
		84EAAFB51B75483400D7E59C /* Supporting Files */ = {
			isa = PBXGroup;
			children = (
				84EAAFB61B75483400D7E59C /* Info.plist */,
				84EAAFB71B75483400D7E59C /* main.m */,
			);
			name = "Supporting Files";
			sourceTree = "<group>";
		};
		84EAAFD11B75483400D7E59C /* ScribblyTests */ = {
			isa = PBXGroup;
			children = (
				84EAAFD41B75483400D7E59C /* ScribblyTests.m */,
				84EAAFD21B75483400D7E59C /* Supporting Files */,
			);
			path = ScribblyTests;
			sourceTree = "<group>";
		};
		84EAAFD21B75483400D7E59C /* Supporting Files */ = {
			isa = PBXGroup;
			children = (
				84EAAFD31B75483400D7E59C /* Info.plist */,
			);
			name = "Supporting Files";
			sourceTree = "<group>";
		};
		84EAB0191B75E0B300D7E59C /* CustomViews */ = {
			isa = PBXGroup;
			children = (
				8400C0C11BA66722004B779D /* ControlPanelView.h */,
				8400C0C21BA66722004B779D /* ControlPanelView.m */,
				8400C0C41BA6673E004B779D /* ControlPanelView.xib */,
			);
			name = CustomViews;
			sourceTree = "<group>";
		};
		86DEE9ACF3C97EC8FA59CF59 /* Frameworks */ = {
			isa = PBXGroup;
			children = (
				658BC2320C3A2978F0D90EA7 /* libPods-Scribbly.a */,
			);
			name = Frameworks;
			sourceTree = "<group>";
		};
/* End PBXGroup section */

/* Begin PBXNativeTarget section */
		84EAAFB11B75483400D7E59C /* Scribbly */ = {
			isa = PBXNativeTarget;
			buildConfigurationList = 84EAAFD81B75483400D7E59C /* Build configuration list for PBXNativeTarget "Scribbly" */;
			buildPhases = (
				405B73130F4AFC35F1A444B8 /* Check Pods Manifest.lock */,
				84EAAFAE1B75483400D7E59C /* Sources */,
				84EAAFAF1B75483400D7E59C /* Frameworks */,
				84EAAFB01B75483400D7E59C /* Resources */,
				63E662F1A567E1227B82E15D /* Copy Pods Resources */,
			);
			buildRules = (
			);
			dependencies = (
			);
			name = Scribbly;
			productName = Scribbly;
			productReference = 84EAAFB21B75483400D7E59C /* Scribbly.app */;
			productType = "com.apple.product-type.application";
		};
		84EAAFCD1B75483400D7E59C /* ScribblyTests */ = {
			isa = PBXNativeTarget;
			buildConfigurationList = 84EAAFDB1B75483400D7E59C /* Build configuration list for PBXNativeTarget "ScribblyTests" */;
			buildPhases = (
				84EAAFCA1B75483400D7E59C /* Sources */,
				84EAAFCB1B75483400D7E59C /* Frameworks */,
				84EAAFCC1B75483400D7E59C /* Resources */,
			);
			buildRules = (
			);
			dependencies = (
				84EAAFD01B75483400D7E59C /* PBXTargetDependency */,
			);
			name = ScribblyTests;
			productName = ScribblyTests;
			productReference = 84EAAFCE1B75483400D7E59C /* ScribblyTests.xctest */;
			productType = "com.apple.product-type.bundle.unit-test";
		};
/* End PBXNativeTarget section */

/* Begin PBXProject section */
		84EAAFAA1B75483400D7E59C /* Project object */ = {
			isa = PBXProject;
			attributes = {
				LastUpgradeCheck = 0640;
				ORGANIZATIONNAME = "Gu Studios";
				TargetAttributes = {
					84EAAFB11B75483400D7E59C = {
						CreatedOnToolsVersion = 6.4;
					};
					84EAAFCD1B75483400D7E59C = {
						CreatedOnToolsVersion = 6.4;
						TestTargetID = 84EAAFB11B75483400D7E59C;
					};
				};
			};
			buildConfigurationList = 84EAAFAD1B75483400D7E59C /* Build configuration list for PBXProject "Scribbly" */;
			compatibilityVersion = "Xcode 3.2";
			developmentRegion = English;
			hasScannedForEncodings = 0;
			knownRegions = (
				en,
				Base,
			);
			mainGroup = 84EAAFA91B75483400D7E59C;
			productRefGroup = 84EAAFB31B75483400D7E59C /* Products */;
			projectDirPath = "";
			projectRoot = "";
			targets = (
				84EAAFB11B75483400D7E59C /* Scribbly */,
				84EAAFCD1B75483400D7E59C /* ScribblyTests */,
			);
		};
/* End PBXProject section */

/* Begin PBXResourcesBuildPhase section */
		84EAAFB01B75483400D7E59C /* Resources */ = {
			isa = PBXResourcesBuildPhase;
			buildActionMask = 2147483647;
			files = (
				8400C0C51BA6673E004B779D /* ControlPanelView.xib in Resources */,
				84EAB01E1B798F9700D7E59C /* DrawViewController.xib in Resources */,
				84EAAFC61B75483400D7E59C /* Images.xcassets in Resources */,
			);
			runOnlyForDeploymentPostprocessing = 0;
		};
		84EAAFCC1B75483400D7E59C /* Resources */ = {
			isa = PBXResourcesBuildPhase;
			buildActionMask = 2147483647;
			files = (
			);
			runOnlyForDeploymentPostprocessing = 0;
		};
/* End PBXResourcesBuildPhase section */

/* Begin PBXShellScriptBuildPhase section */
		405B73130F4AFC35F1A444B8 /* Check Pods Manifest.lock */ = {
			isa = PBXShellScriptBuildPhase;
			buildActionMask = 2147483647;
			files = (
			);
			inputPaths = (
			);
			name = "Check Pods Manifest.lock";
			outputPaths = (
			);
			runOnlyForDeploymentPostprocessing = 0;
			shellPath = /bin/sh;
			shellScript = "diff \"${PODS_ROOT}/../Podfile.lock\" \"${PODS_ROOT}/Manifest.lock\" > /dev/null\nif [[ $? != 0 ]] ; then\n    cat << EOM\nerror: The sandbox is not in sync with the Podfile.lock. Run 'pod install' or update your CocoaPods installation.\nEOM\n    exit 1\nfi\n";
			showEnvVarsInLog = 0;
		};
		63E662F1A567E1227B82E15D /* Copy Pods Resources */ = {
			isa = PBXShellScriptBuildPhase;
			buildActionMask = 2147483647;
			files = (
			);
			inputPaths = (
			);
			name = "Copy Pods Resources";
			outputPaths = (
			);
			runOnlyForDeploymentPostprocessing = 0;
			shellPath = /bin/sh;
			shellScript = "\"${SRCROOT}/Pods/Target Support Files/Pods-Scribbly/Pods-Scribbly-resources.sh\"\n";
			showEnvVarsInLog = 0;
		};
/* End PBXShellScriptBuildPhase section */

/* Begin PBXSourcesBuildPhase section */
		84EAAFAE1B75483400D7E59C /* Sources */ = {
			isa = PBXSourcesBuildPhase;
			buildActionMask = 2147483647;
			files = (
				84EAAFE01B7548AC00D7E59C /* DrawViewController.m in Sources */,
				84EAAFBB1B75483400D7E59C /* AppDelegate.m in Sources */,
				84EAAFE31B75497900D7E59C /* BezierPathView.m in Sources */,
				84EAAFB81B75483400D7E59C /* main.m in Sources */,
				8400C0C31BA66722004B779D /* ControlPanelView.m in Sources */,
				84EAAFBE1B75483400D7E59C /* Scribbly.xcdatamodeld in Sources */,
			);
			runOnlyForDeploymentPostprocessing = 0;
		};
		84EAAFCA1B75483400D7E59C /* Sources */ = {
			isa = PBXSourcesBuildPhase;
			buildActionMask = 2147483647;
			files = (
				84EAAFD51B75483400D7E59C /* ScribblyTests.m in Sources */,
			);
			runOnlyForDeploymentPostprocessing = 0;
		};
/* End PBXSourcesBuildPhase section */

/* Begin PBXTargetDependency section */
		84EAAFD01B75483400D7E59C /* PBXTargetDependency */ = {
			isa = PBXTargetDependency;
			target = 84EAAFB11B75483400D7E59C /* Scribbly */;
			targetProxy = 84EAAFCF1B75483400D7E59C /* PBXContainerItemProxy */;
		};
/* End PBXTargetDependency section */

/* Begin XCBuildConfiguration section */
		84EAAFD61B75483400D7E59C /* Debug */ = {
			isa = XCBuildConfiguration;
			buildSettings = {
				ALWAYS_SEARCH_USER_PATHS = NO;
				CLANG_CXX_LANGUAGE_STANDARD = "gnu++0x";
				CLANG_CXX_LIBRARY = "libc++";
				CLANG_ENABLE_MODULES = YES;
				CLANG_ENABLE_OBJC_ARC = YES;
				CLANG_WARN_BOOL_CONVERSION = YES;
				CLANG_WARN_CONSTANT_CONVERSION = YES;
				CLANG_WARN_DIRECT_OBJC_ISA_USAGE = YES_ERROR;
				CLANG_WARN_EMPTY_BODY = YES;
				CLANG_WARN_ENUM_CONVERSION = YES;
				CLANG_WARN_INT_CONVERSION = YES;
				CLANG_WARN_OBJC_ROOT_CLASS = YES_ERROR;
				CLANG_WARN_UNREACHABLE_CODE = YES;
				CLANG_WARN__DUPLICATE_METHOD_MATCH = YES;
				"CODE_SIGN_IDENTITY[sdk=iphoneos*]" = "iPhone Developer";
				COPY_PHASE_STRIP = NO;
				DEBUG_INFORMATION_FORMAT = "dwarf-with-dsym";
				ENABLE_STRICT_OBJC_MSGSEND = YES;
				GCC_C_LANGUAGE_STANDARD = gnu99;
				GCC_DYNAMIC_NO_PIC = NO;
				GCC_NO_COMMON_BLOCKS = YES;
				GCC_OPTIMIZATION_LEVEL = 0;
				GCC_PREPROCESSOR_DEFINITIONS = (
					"DEBUG=1",
					"$(inherited)",
				);
				GCC_SYMBOLS_PRIVATE_EXTERN = NO;
				GCC_WARN_64_TO_32_BIT_CONVERSION = YES;
				GCC_WARN_ABOUT_RETURN_TYPE = YES_ERROR;
				GCC_WARN_UNDECLARED_SELECTOR = YES;
				GCC_WARN_UNINITIALIZED_AUTOS = YES_AGGRESSIVE;
				GCC_WARN_UNUSED_FUNCTION = YES;
				GCC_WARN_UNUSED_VARIABLE = YES;
				IPHONEOS_DEPLOYMENT_TARGET = 8.4;
				MTL_ENABLE_DEBUG_INFO = YES;
				ONLY_ACTIVE_ARCH = YES;
				SDKROOT = iphoneos;
			};
			name = Debug;
		};
		84EAAFD71B75483400D7E59C /* Release */ = {
			isa = XCBuildConfiguration;
			buildSettings = {
				ALWAYS_SEARCH_USER_PATHS = NO;
				CLANG_CXX_LANGUAGE_STANDARD = "gnu++0x";
				CLANG_CXX_LIBRARY = "libc++";
				CLANG_ENABLE_MODULES = YES;
				CLANG_ENABLE_OBJC_ARC = YES;
				CLANG_WARN_BOOL_CONVERSION = YES;
				CLANG_WARN_CONSTANT_CONVERSION = YES;
				CLANG_WARN_DIRECT_OBJC_ISA_USAGE = YES_ERROR;
				CLANG_WARN_EMPTY_BODY = YES;
				CLANG_WARN_ENUM_CONVERSION = YES;
				CLANG_WARN_INT_CONVERSION = YES;
				CLANG_WARN_OBJC_ROOT_CLASS = YES_ERROR;
				CLANG_WARN_UNREACHABLE_CODE = YES;
				CLANG_WARN__DUPLICATE_METHOD_MATCH = YES;
				"CODE_SIGN_IDENTITY[sdk=iphoneos*]" = "iPhone Developer";
				COPY_PHASE_STRIP = NO;
				DEBUG_INFORMATION_FORMAT = "dwarf-with-dsym";
				ENABLE_NS_ASSERTIONS = NO;
				ENABLE_STRICT_OBJC_MSGSEND = YES;
				GCC_C_LANGUAGE_STANDARD = gnu99;
				GCC_NO_COMMON_BLOCKS = YES;
				GCC_WARN_64_TO_32_BIT_CONVERSION = YES;
				GCC_WARN_ABOUT_RETURN_TYPE = YES_ERROR;
				GCC_WARN_UNDECLARED_SELECTOR = YES;
				GCC_WARN_UNINITIALIZED_AUTOS = YES_AGGRESSIVE;
				GCC_WARN_UNUSED_FUNCTION = YES;
				GCC_WARN_UNUSED_VARIABLE = YES;
				IPHONEOS_DEPLOYMENT_TARGET = 8.4;
				MTL_ENABLE_DEBUG_INFO = NO;
				SDKROOT = iphoneos;
				VALIDATE_PRODUCT = YES;
			};
			name = Release;
		};
		84EAAFD91B75483400D7E59C /* Debug */ = {
			isa = XCBuildConfiguration;
			baseConfigurationReference = 3FB5612D723ADC4EC8866223 /* Pods-Scribbly.debug.xcconfig */;
			buildSettings = {
				ASSETCATALOG_COMPILER_APPICON_NAME = AppIcon;
				ASSETCATALOG_COMPILER_LAUNCHIMAGE_NAME = LaunchImage;
				INFOPLIST_FILE = Scribbly/Info.plist;
				IPHONEOS_DEPLOYMENT_TARGET = 8.0;
				LD_RUNPATH_SEARCH_PATHS = "$(inherited) @executable_path/Frameworks";
				PRODUCT_NAME = "$(TARGET_NAME)";
			};
			name = Debug;
		};
		84EAAFDA1B75483400D7E59C /* Release */ = {
			isa = XCBuildConfiguration;
			baseConfigurationReference = 50126132B27B8D7C8F023025 /* Pods-Scribbly.release.xcconfig */;
			buildSettings = {
				ASSETCATALOG_COMPILER_APPICON_NAME = AppIcon;
				ASSETCATALOG_COMPILER_LAUNCHIMAGE_NAME = LaunchImage;
				INFOPLIST_FILE = Scribbly/Info.plist;
				IPHONEOS_DEPLOYMENT_TARGET = 8.0;
				LD_RUNPATH_SEARCH_PATHS = "$(inherited) @executable_path/Frameworks";
				PRODUCT_NAME = "$(TARGET_NAME)";
			};
			name = Release;
		};
		84EAAFDC1B75483400D7E59C /* Debug */ = {
			isa = XCBuildConfiguration;
			buildSettings = {
				BUNDLE_LOADER = "$(TEST_HOST)";
				FRAMEWORK_SEARCH_PATHS = (
					"$(SDKROOT)/Developer/Library/Frameworks",
					"$(inherited)",
				);
				GCC_PREPROCESSOR_DEFINITIONS = (
					"DEBUG=1",
					"$(inherited)",
				);
				INFOPLIST_FILE = ScribblyTests/Info.plist;
				LD_RUNPATH_SEARCH_PATHS = "$(inherited) @executable_path/Frameworks @loader_path/Frameworks";
				PRODUCT_NAME = "$(TARGET_NAME)";
				TEST_HOST = "$(BUILT_PRODUCTS_DIR)/Scribbly.app/Scribbly";
			};
			name = Debug;
		};
		84EAAFDD1B75483400D7E59C /* Release */ = {
			isa = XCBuildConfiguration;
			buildSettings = {
				BUNDLE_LOADER = "$(TEST_HOST)";
				FRAMEWORK_SEARCH_PATHS = (
					"$(SDKROOT)/Developer/Library/Frameworks",
					"$(inherited)",
				);
				INFOPLIST_FILE = ScribblyTests/Info.plist;
				LD_RUNPATH_SEARCH_PATHS = "$(inherited) @executable_path/Frameworks @loader_path/Frameworks";
				PRODUCT_NAME = "$(TARGET_NAME)";
				TEST_HOST = "$(BUILT_PRODUCTS_DIR)/Scribbly.app/Scribbly";
			};
			name = Release;
		};
/* End XCBuildConfiguration section */

/* Begin XCConfigurationList section */
		84EAAFAD1B75483400D7E59C /* Build configuration list for PBXProject "Scribbly" */ = {
			isa = XCConfigurationList;
			buildConfigurations = (
				84EAAFD61B75483400D7E59C /* Debug */,
				84EAAFD71B75483400D7E59C /* Release */,
			);
			defaultConfigurationIsVisible = 0;
			defaultConfigurationName = Release;
		};
		84EAAFD81B75483400D7E59C /* Build configuration list for PBXNativeTarget "Scribbly" */ = {
			isa = XCConfigurationList;
			buildConfigurations = (
				84EAAFD91B75483400D7E59C /* Debug */,
				84EAAFDA1B75483400D7E59C /* Release */,
			);
			defaultConfigurationIsVisible = 0;
			defaultConfigurationName = Release;
		};
		84EAAFDB1B75483400D7E59C /* Build configuration list for PBXNativeTarget "ScribblyTests" */ = {
			isa = XCConfigurationList;
			buildConfigurations = (
				84EAAFDC1B75483400D7E59C /* Debug */,
				84EAAFDD1B75483400D7E59C /* Release */,
			);
			defaultConfigurationIsVisible = 0;
			defaultConfigurationName = Release;
		};
/* End XCConfigurationList section */

/* Begin XCVersionGroup section */
		84EAAFBC1B75483400D7E59C /* Scribbly.xcdatamodeld */ = {
			isa = XCVersionGroup;
			children = (
				84EAAFBD1B75483400D7E59C /* Scribbly.xcdatamodel */,
			);
			currentVersion = 84EAAFBD1B75483400D7E59C /* Scribbly.xcdatamodel */;
			path = Scribbly.xcdatamodeld;
			sourceTree = "<group>";
			versionGroupType = wrapper.xcdatamodel;
		};
/* End XCVersionGroup section */
	};
	rootObject = 84EAAFAA1B75483400D7E59C /* Project object */;
}
